{
  "instances": {
    "instance-1749694545183-pmqoyhljr9q": {
      "pid": 14132,
      "profile": "default",
      "startTime": "2025-06-12T02:15:45.372Z",
      "pipeName": "\\\\.\\pipe\\desk-tray-14132",
      "sessions": [],
      "metadata": {
        "hostname": "LEN-99",
        "platform": "win32",
        "nodeVersion": "v20.6.1"
      }
    },
    "instance-1749694883476-qkcetshv4g7": {
      "pid": 25100,
      "profile": "default",
      "startTime": "2025-06-12T02:21:23.970Z",
      "pipeName": "\\\\.\\pipe\\desk-tray-25100",
      "sessions": [],
      "metadata": {
        "hostname": "LEN-99",
        "platform": "win32",
        "nodeVersion": "v20.6.1"
      }
    },
    "instance-1749695012942-a0og5fmf81f": {
      "pid": 23104,
      "profile": "default",
      "startTime": "2025-06-12T02:23:33.038Z",
      "pipeName": "\\\\.\\pipe\\desk-tray-23104",
      "sessions": [],
      "metadata": {
        "hostname": "LEN-99",
        "platform": "win32",
        "nodeVersion": "v20.6.1"
      }
    },
    "instance-1749695129302-5atoqns8byl": {
      "pid": 23884,
      "profile": "default",
      "startTime": "2025-06-12T02:25:29.435Z",
      "pipeName": "\\\\.\\pipe\\desk-tray-23884",
      "sessions": [],
      "metadata": {
        "hostname": "LEN-99",
        "platform": "win32",
        "nodeVersion": "v20.6.1"
      }
    }
  },
  "_meta": {
    "timestamp": "2025-06-12T02:25:29.442Z",
    "pid": 23884,
    "instanceId": "instance-1749695129302-5atoqns8byl",
    "hostname": "LEN-99",
    "version": "2.0"
  }
}